
Microsoft Visual Studio Solution File, Format Version 12.00
# Visual Studio Version 17
VisualStudioVersion = 17.2.32630.192
MinimumVisualStudioVersion = 10.0.40219.1
Project("{FAE04EC0-301F-11D3-BF4B-00C04F79EFBC}") = "Programacion Basica 2", "Programacion Basica 2\Programacion Basica 2.csproj", "{A173A544-E28E-492C-A922-3701B9CF4DAB}"
EndProject
Global
	GlobalSection(SolutionConfigurationPlatforms) = preSolution
		Debug|Any CPU = Debug|Any CPU
		Release|Any CPU = Release|Any CPU
	EndGlobalSection
	GlobalSection(ProjectConfigurationPlatforms) = postSolution
		{A173A544-E28E-492C-A922-3701B9CF4DAB}.Debug|Any CPU.ActiveCfg = Debug|Any CPU
		{A173A544-E28E-492C-A922-3701B9CF4DAB}.Debug|Any CPU.Build.0 = Debug|Any CPU
		{A173A544-E28E-492C-A922-3701B9CF4DAB}.Release|Any CPU.ActiveCfg = Release|Any CPU
		{A173A544-E28E-492C-A922-3701B9CF4DAB}.Release|Any CPU.Build.0 = Release|Any CPU
	EndGlobalSection
	GlobalSection(SolutionProperties) = preSolution
		HideSolutionNode = FALSE
	EndGlobalSection
	GlobalSection(ExtensibilityGlobals) = postSolution
		SolutionGuid = {F8ECB09D-D311-4E8D-AD9C-346C70D9E97D}
	EndGlobalSection
EndGlobal
